// !$*UTF8*$!
{
	archiveVersion = 1;
	classes = {
	};
	objectVersion = 77;
	objects = {

/* Begin PBXBuildFile section */
		2B045F132FEE414C008A8666 /* FirebaseAnalytics in Frameworks */ = {isa = PBXBuildFile; productRef = 2B045F122FEE414C008A8666 /* FirebaseAnalytics */; };
		2B045F152FEE414C008A8666 /* FirebaseAuth in Frameworks */ = {isa = PBXBuildFile; productRef = 2B045F142FEE414C008A8666 /* FirebaseAuth */; };
		2B045F172FEE414C008A8666 /* FirebaseCore in Frameworks */ = {isa = PBXBuildFile; productRef = 2B045F162FEE414C008A8666 /* FirebaseCore */; };
		2B045F192FEE414C008A8666 /* FirebaseFirestore in Frameworks */ = {isa = PBXBuildFile; productRef = 2B045F182FEE414C008A8666 /* FirebaseFirestore */; };
		2B045F1B2FEE414C008A8666 /* FirebaseFunctions in Frameworks */ = {isa = PBXBuildFile; productRef = 2B045F1A2FEE414C008A8666 /* FirebaseFunctions */; };
		2BHEALTH012FEE414C008A8666 /* HealthKit.framework in Frameworks */ = {isa = PBXBuildFile; fileRef = 2BHEALTH022FEE414C008A8666 /* HealthKit.framework */; };
		3A00000C2FEE000100000001 /* FirebaseAuth in Frameworks */ = {isa = PBXBuildFile; productRef = 2B045F142FEE414C008A8666 /* FirebaseAuth */; };
		3A00000D2FEE000100000001 /* FirebaseCore in Frameworks */ = {isa = PBXBuildFile; productRef = 2B045F162FEE414C008A8666 /* FirebaseCore */; };
		3A00000E2FEE000100000001 /* GoogleSignIn in Frameworks */ = {isa = PBXBuildFile; productRef = C029C846955106DBDB3889A0 /* GoogleSignIn */; };
		3A00000F2FEE000100000001 /* FirebaseFirestore in Frameworks */ = {isa = PBXBuildFile; productRef = 2B045F182FEE414C008A8666 /* FirebaseFirestore */; };
		5CF927B65664223A23A021D8 /* SwiftHorizontalRuler in Frameworks */ = {isa = PBXBuildFile; productRef = 5BA7C20FB689E2E375B3EEDD /* SwiftHorizontalRuler */; };
		75EC5E70E9C4E331BF8061C8 /* GoogleService-Info.plist in Resources */ = {isa = PBXBuildFile; fileRef = 72ED41A4B099004FBA38E42A /* GoogleService-Info.plist */; };
		A8A81B9E5B3728580EF61D19 /* GoogleSignIn in Frameworks */ = {isa = PBXBuildFile; productRef = C029C846955106DBDB3889A0 /* GoogleSignIn */; };
/* End PBXBuildFile section */

/* Begin PBXContainerItemProxy section */
		3A0000072FEE000100000001 /* PBXContainerItemProxy */ = {
			isa = PBXContainerItemProxy;
			containerPortal = 2B89F3F02FECF33300F9B990 /* Project object */;
			proxyType = 1;
			remoteGlobalIDString = 2B89F3F72FECF33300F9B990;
			remoteInfo = "Fitness Coach";
		};
/* End PBXContainerItemProxy section */

/* Begin PBXFileReference section */
		2B89F3F82FECF33300F9B990 /* Fitness Coach.app */ = {isa = PBXFileReference; explicitFileType = wrapper.application; includeInIndex = 0; path = "Fitness Coach.app"; sourceTree = BUILT_PRODUCTS_DIR; };
		2BHEALTH022FEE414C008A8666 /* HealthKit.framework */ = {isa = PBXFileReference; lastKnownFileType = wrapper.framework; name = HealthKit.framework; path = System/Library/Frameworks/HealthKit.framework; sourceTree = SDKROOT; };
		3A0000012FEE000100000001 /* Fitness CoachTests.xctest */ = {isa = PBXFileReference; explicitFileType = wrapper.cfbundle; includeInIndex = 0; path = "Fitness CoachTests.xctest"; sourceTree = BUILT_PRODUCTS_DIR; };
		72ED41A4B099004FBA38E42A /* GoogleService-Info.plist */ = {isa = PBXFileReference; explicitFileType = text.plist; name = "GoogleService-Info.plist"; path = "Fitness Coach/GoogleService-Info.plist"; sourceTree = "<group>"; };
/* End PBXFileReference section */

/* Begin PBXFileSystemSynchronizedRootGroup section */
		2B89F3FA2FECF33300F9B990 /* Fitness Coach */ = {
			isa = PBXFileSystemSynchronizedRootGroup;
			path = "Fitness Coach";
			sourceTree = "<group>";
		};
		3A0000022FEE000100000001 /* Fitness CoachTests */ = {
			isa = PBXFileSystemSynchronizedRootGroup;
			path = "Fitness CoachTests";
			sourceTree = "<group>";
		};
/* End PBXFileSystemSynchronizedRootGroup section */

/* Begin PBXFrameworksBuildPhase section */
		2B89F3F52FECF33300F9B990 /* Frameworks */ = {
			isa = PBXFrameworksBuildPhase;
			buildActionMask = 2147483647;
			files = (
				2BHEALTH012FEE414C008A8666 /* HealthKit.framework in Frameworks */,
				2B045F132FEE414C008A8666 /* FirebaseAnalytics in Frameworks */,
				2B045F192FEE414C008A8666 /* FirebaseFirestore in Frameworks */,
				2B045F1B2FEE414C008A8666 /* FirebaseFunctions in Frameworks */,
				2B045F172FEE414C008A8666 /* FirebaseCore in Frameworks */,
				2B045F152FEE414C008A8666 /* FirebaseAuth in Frameworks */,
				A8A81B9E5B3728580EF61D19 /* GoogleSignIn in Frameworks */,
				5CF927B65664223A23A021D8 /* SwiftHorizontalRuler in Frameworks */,
			);
			runOnlyForDeploymentPostprocessing = 0;
		};
		3A0000032FEE000100000001 /* Frameworks */ = {
			isa = PBXFrameworksBuildPhase;
			buildActionMask = 2147483647;
			files = (
				3A00000C2FEE000100000001 /* FirebaseAuth in Frameworks */,
				3A00000D2FEE000100000001 /* FirebaseCore in Frameworks */,
				3A00000F2FEE000100000001 /* FirebaseFirestore in Frameworks */,
				3A00000E2FEE000100000001 /* GoogleSignIn in Frameworks */,
			);
			runOnlyForDeploymentPostprocessing = 0;
		};
/* End PBXFrameworksBuildPhase section */

/* Begin PBXGroup section */
		2B89F3EF2FECF33300F9B990 = {
			isa = PBXGroup;
			children = (
				2B89F3FA2FECF33300F9B990 /* Fitness Coach */,
				3A0000022FEE000100000001 /* Fitness CoachTests */,
				2B89F3F92FECF33300F9B990 /* Products */,
				2BDB3B6D2FEF858200C9DB5D /* Recovered References */,
				72ED41A4B099004FBA38E42A /* GoogleService-Info.plist */,
			);
			sourceTree = "<group>";
		};
		2B89F3F92FECF33300F9B990 /* Products */ = {
			isa = PBXGroup;
			children = (
				2B89F3F82FECF33300F9B990 /* Fitness Coach.app */,
				3A0000012FEE000100000001 /* Fitness CoachTests.xctest */,
			);
			name = Products;
			sourceTree = "<group>";
		};
		2BDB3B6D2FEF858200C9DB5D /* Recovered References */ = {
			isa = PBXGroup;
			children = (
				2BHEALTH022FEE414C008A8666 /* HealthKit.framework */,
			);
			name = "Recovered References";
			sourceTree = "<group>";
		};
/* End PBXGroup section */

/* Begin PBXNativeTarget section */
		2B89F3F72FECF33300F9B990 /* Fitness Coach */ = {
			isa = PBXNativeTarget;
			buildConfigurationList = 2B89F4032FECF33B00F9B990 /* Build configuration list for PBXNativeTarget "Fitness Coach" */;
			buildPhases = (
				2B89F3F42FECF33300F9B990 /* Sources */,
				2B89F3F52FECF33300F9B990 /* Frameworks */,
				2B89F3F62FECF33300F9B990 /* Resources */,
			);
			buildRules = (
			);
			dependencies = (
			);
			fileSystemSynchronizedGroups = (
				2B89F3FA2FECF33300F9B990 /* Fitness Coach */,
			);
			name = "Fitness Coach";
			packageProductDependencies = (
				2B045F122FEE414C008A8666 /* FirebaseAnalytics */,
				2B045F142FEE414C008A8666 /* FirebaseAuth */,
				2B045F162FEE414C008A8666 /* FirebaseCore */,
				2B045F182FEE414C008A8666 /* FirebaseFirestore */,
				2B045F1A2FEE414C008A8666 /* FirebaseFunctions */,
				C029C846955106DBDB3889A0 /* GoogleSignIn */,
				5BA7C20FB689E2E375B3EEDD /* SwiftHorizontalRuler */,
			);
			productName = "Fitness Coach";
			productReference = 2B89F3F82FECF33300F9B990 /* Fitness Coach.app */;
			productType = "com.apple.product-type.application";
		};
		3A0000062FEE000100000001 /* Fitness CoachTests */ = {
			isa = PBXNativeTarget;
			buildConfigurationList = 3A0000092FEE000100000001 /* Build configuration list for PBXNativeTarget "Fitness CoachTests" */;
			buildPhases = (
				3A0000042FEE000100000001 /* Sources */,
				3A0000032FEE000100000001 /* Frameworks */,
				3A0000052FEE000100000001 /* Resources */,
			);
			buildRules = (
			);
			dependencies = (
				3A0000082FEE000100000001 /* PBXTargetDependency */,
			);
			fileSystemSynchronizedGroups = (
				3A0000022FEE000100000001 /* Fitness CoachTests */,
			);
			name = "Fitness CoachTests";
			packageProductDependencies = (
				2B045F142FEE414C008A8666 /* FirebaseAuth */,
				2B045F162FEE414C008A8666 /* FirebaseCore */,
				2B045F182FEE414C008A8666 /* FirebaseFirestore */,
				C029C846955106DBDB3889A0 /* GoogleSignIn */,
			);
			productName = "Fitness CoachTests";
			productReference = 3A0000012FEE000100000001 /* Fitness CoachTests.xctest */;
			productType = "com.apple.product-type.bundle.unit-test";
		};
/* End PBXNativeTarget section */

/* Begin PBXProject section */
		2B89F3F02FECF33300F9B990 /* Project object */ = {
			isa = PBXProject;
			attributes = {
				BuildIndependentTargetsInParallel = 1;
				LastSwiftUpdateCheck = 2600;
				LastUpgradeCheck = 2600;
				TargetAttributes = {
					2B89F3F72FECF33300F9B990 = {
						CreatedOnToolsVersion = 26.0;
						SystemCapabilities = {
							com.apple.HealthKit = {
								enabled = 1;
							};
						};
					};
					3A0000062FEE000100000001 = {
						CreatedOnToolsVersion = 26.0;
					};
				};
			};
			buildConfigurationList = 2B89F3F32FECF33300F9B990 /* Build configuration list for PBXProject "Fitness Coach" */;
			developmentRegion = en;
			hasScannedForEncodings = 0;
			knownRegions = (
				en,
				Base,
			);
			mainGroup = 2B89F3EF2FECF33300F9B990;
			minimizedProjectReferenceProxies = 1;
			packageReferences = (
				2B045F112FEE414C008A8666 /* XCRemoteSwiftPackageReference "firebase-ios-sdk" */,
				20FB786BAFCA63B76D979247 /* XCRemoteSwiftPackageReference "GoogleSignIn-iOS" */,
				7346DDDF76BAC004994C5C7C /* XCRemoteSwiftPackageReference "SwiftHorizontalRuler" */,
			);
			preferredProjectObjectVersion = 77;
			productRefGroup = 2B89F3F92FECF33300F9B990 /* Products */;
			projectDirPath = "";
			projectRoot = "";
			targets = (
				2B89F3F72FECF33300F9B990 /* Fitness Coach */,
				3A0000062FEE000100000001 /* Fitness CoachTests */,
			);
		};
/* End PBXProject section */

/* Begin PBXResourcesBuildPhase section */
		2B89F3F62FECF33300F9B990 /* Resources */ = {
			isa = PBXResourcesBuildPhase;
			buildActionMask = 2147483647;
			files = (
				75EC5E70E9C4E331BF8061C8 /* GoogleService-Info.plist in Resources */,
			);
			runOnlyForDeploymentPostprocessing = 0;
		};
		3A0000052FEE000100000001 /* Resources */ = {
			isa = PBXResourcesBuildPhase;
			buildActionMask = 2147483647;
			files = (
			);
			runOnlyForDeploymentPostprocessing = 0;
		};
/* End PBXResourcesBuildPhase section */

/* Begin PBXSourcesBuildPhase section */
		2B89F3F42FECF33300F9B990 /* Sources */ = {
			isa = PBXSourcesBuildPhase;
			buildActionMask = 2147483647;
			files = (
			);
			runOnlyForDeploymentPostprocessing = 0;
		};
		3A0000042FEE000100000001 /* Sources */ = {
			isa = PBXSourcesBuildPhase;
			buildActionMask = 2147483647;
			files = (
			);
			runOnlyForDeploymentPostprocessing = 0;
		};
/* End PBXSourcesBuildPhase section */

/* Begin PBXTargetDependency section */
		3A0000082FEE000100000001 /* PBXTargetDependency */ = {
			isa = PBXTargetDependency;
			target = 2B89F3F72FECF33300F9B990 /* Fitness Coach */;
			targetProxy = 3A0000072FEE000100000001 /* PBXContainerItemProxy */;
		};
/* End PBXTargetDependency section */

/* Begin XCBuildConfiguration section */
		2B89F4012FECF33B00F9B990 /* Debug */ = {
			isa = XCBuildConfiguration;
			buildSettings = {
				ALWAYS_SEARCH_USER_PATHS = NO;
				ASSETCATALOG_COMPILER_GENERATE_SWIFT_ASSET_SYMBOL_EXTENSIONS = YES;
				CLANG_ANALYZER_NONNULL = YES;
				CLANG_ANALYZER_NUMBER_OBJECT_CONVERSION = YES_AGGRESSIVE;
				CLANG_CXX_LANGUAGE_STANDARD = "gnu++20";
				CLANG_ENABLE_MODULES = YES;
				CLANG_ENABLE_OBJC_ARC = YES;
				CLANG_ENABLE_OBJC_WEAK = YES;
				CLANG_WARN_BLOCK_CAPTURE_AUTORELEASING = YES;
				CLANG_WARN_BOOL_CONVERSION = YES;
				CLANG_WARN_COMMA = YES;
				CLANG_WARN_CONSTANT_CONVERSION = YES;
				CLANG_WARN_DEPRECATED_OBJC_IMPLEMENTATIONS = YES;
				CLANG_WARN_DIRECT_OBJC_ISA_USAGE = YES_ERROR;
				CLANG_WARN_DOCUMENTATION_COMMENTS = YES;
				CLANG_WARN_EMPTY_BODY = YES;
				CLANG_WARN_ENUM_CONVERSION = YES;
				CLANG_WARN_INFINITE_RECURSION = YES;
				CLANG_WARN_INT_CONVERSION = YES;
				CLANG_WARN_NON_LITERAL_NULL_CONVERSION = YES;
				CLANG_WARN_OBJC_IMPLICIT_RETAIN_SELF = YES;
				CLANG_WARN_OBJC_LITERAL_CONVERSION = YES;
				CLANG_WARN_OBJC_ROOT_CLASS = YES_ERROR;
				CLANG_WARN_QUOTED_INCLUDE_IN_FRAMEWORK_HEADER = YES;
				CLANG_WARN_RANGE_LOOP_ANALYSIS = YES;
				CLANG_WARN_STRICT_PROTOTYPES = YES;
				CLANG_WARN_SUSPICIOUS_MOVE = YES;
				CLANG_WARN_UNGUARDED_AVAILABILITY = YES_AGGRESSIVE;
				CLANG_WARN_UNREACHABLE_CODE = YES;
				CLANG_WARN__DUPLICATE_METHOD_MATCH = YES;
				COPY_PHASE_STRIP = NO;
				DEBUG_INFORMATION_FORMAT = dwarf;
				DEVELOPMENT_TEAM = X3D9AZPJUA;
				ENABLE_STRICT_OBJC_MSGSEND = YES;
				ENABLE_TESTABILITY = YES;
				ENABLE_USER_SCRIPT_SANDBOXING = YES;
				GCC_C_LANGUAGE_STANDARD = gnu17;
				GCC_DYNAMIC_NO_PIC = NO;
				GCC_NO_COMMON_BLOCKS = YES;
				GCC_OPTIMIZATION_LEVEL = 0;
				GCC_PREPROCESSOR_DEFINITIONS = (
					"DEBUG=1",
					"$(inherited)",
				);
				GCC_WARN_64_TO_32_BIT_CONVERSION = YES;
				GCC_WARN_ABOUT_RETURN_TYPE = YES_ERROR;
				GCC_WARN_UNDECLARED_SELECTOR = YES;
				GCC_WARN_UNINITIALIZED_AUTOS = YES_AGGRESSIVE;
				GCC_WARN_UNUSED_FUNCTION = YES;
				GCC_WARN_UNUSED_VARIABLE = YES;
				IPHONEOS_DEPLOYMENT_TARGET = 26.0;
				LOCALIZATION_PREFERS_STRING_CATALOGS = YES;
				MTL_ENABLE_DEBUG_INFO = INCLUDE_SOURCE;
				MTL_FAST_MATH = YES;
				ONLY_ACTIVE_ARCH = YES;
				SDKROOT = iphoneos;
				SWIFT_ACTIVE_COMPILATION_CONDITIONS = "DEBUG $(inherited)";
				SWIFT_OPTIMIZATION_LEVEL = "-Onone";
			};
			name = Debug;
		};
		2B89F4022FECF33B00F9B990 /* Release */ = {
			isa = XCBuildConfiguration;
			buildSettings = {
				ALWAYS_SEARCH_USER_PATHS = NO;
				ASSETCATALOG_COMPILER_GENERATE_SWIFT_ASSET_SYMBOL_EXTENSIONS = YES;
				CLANG_ANALYZER_NONNULL = YES;
				CLANG_ANALYZER_NUMBER_OBJECT_CONVERSION = YES_AGGRESSIVE;
				CLANG_CXX_LANGUAGE_STANDARD = "gnu++20";
				CLANG_ENABLE_MODULES = YES;
				CLANG_ENABLE_OBJC_ARC = YES;
				CLANG_ENABLE_OBJC_WEAK = YES;
				CLANG_WARN_BLOCK_CAPTURE_AUTORELEASING = YES;
				CLANG_WARN_BOOL_CONVERSION = YES;
				CLANG_WARN_COMMA = YES;
				CLANG_WARN_CONSTANT_CONVERSION = YES;
				CLANG_WARN_DEPRECATED_OBJC_IMPLEMENTATIONS = YES;
				CLANG_WARN_DIRECT_OBJC_ISA_USAGE = YES_ERROR;
				CLANG_WARN_DOCUMENTATION_COMMENTS = YES;
				CLANG_WARN_EMPTY_BODY = YES;
				CLANG_WARN_ENUM_CONVERSION = YES;
				CLANG_WARN_INFINITE_RECURSION = YES;
				CLANG_WARN_INT_CONVERSION = YES;
				CLANG_WARN_NON_LITERAL_NULL_CONVERSION = YES;
				CLANG_WARN_OBJC_IMPLICIT_RETAIN_SELF = YES;
				CLANG_WARN_OBJC_LITERAL_CONVERSION = YES;
				CLANG_WARN_OBJC_ROOT_CLASS = YES_ERROR;
				CLANG_WARN_QUOTED_INCLUDE_IN_FRAMEWORK_HEADER = YES;
				CLANG_WARN_RANGE_LOOP_ANALYSIS = YES;
				CLANG_WARN_STRICT_PROTOTYPES = YES;
				CLANG_WARN_SUSPICIOUS_MOVE = YES;
				CLANG_WARN_UNGUARDED_AVAILABILITY = YES_AGGRESSIVE;
				CLANG_WARN_UNREACHABLE_CODE = YES;
				CLANG_WARN__DUPLICATE_METHOD_MATCH = YES;
				COPY_PHASE_STRIP = NO;
				DEBUG_INFORMATION_FORMAT = "dwarf-with-dsym";
				DEVELOPMENT_TEAM = X3D9AZPJUA;
				ENABLE_NS_ASSERTIONS = NO;
				ENABLE_STRICT_OBJC_MSGSEND = YES;
				ENABLE_USER_SCRIPT_SANDBOXING = YES;
				GCC_C_LANGUAGE_STANDARD = gnu17;
				GCC_NO_COMMON_BLOCKS = YES;
				GCC_WARN_64_TO_32_BIT_CONVERSION = YES;
				GCC_WARN_ABOUT_RETURN_TYPE = YES_ERROR;
				GCC_WARN_UNDECLARED_SELECTOR = YES;
				GCC_WARN_UNINITIALIZED_AUTOS = YES_AGGRESSIVE;
				GCC_WARN_UNUSED_FUNCTION = YES;
				GCC_WARN_UNUSED_VARIABLE = YES;
				IPHONEOS_DEPLOYMENT_TARGET = 26.0;
				LOCALIZATION_PREFERS_STRING_CATALOGS = YES;
				MTL_ENABLE_DEBUG_INFO = NO;
				MTL_FAST_MATH = YES;
				SDKROOT = iphoneos;
				SWIFT_COMPILATION_MODE = wholemodule;
				VALIDATE_PRODUCT = YES;
			};
			name = Release;
		};
		2B89F4042FECF33B00F9B990 /* Debug */ = {
			isa = XCBuildConfiguration;
			buildSettings = {
				ASSETCATALOG_COMPILER_APPICON_NAME = AppIcon;
				ASSETCATALOG_COMPILER_GLOBAL_ACCENT_COLOR_NAME = AccentColor;
				CODE_SIGN_ENTITLEMENTS = "Fitness Coach/Fitness Coach.entitlements";
				CODE_SIGN_STYLE = Automatic;
				CURRENT_PROJECT_VERSION = 1;
				DEVELOPMENT_TEAM = X3D9AZPJUA;
				ENABLE_PREVIEWS = YES;
				GENERATE_INFOPLIST_FILE = YES;
				INFOPLIST_FILE = AppURLSchemes.plist;
				INFOPLIST_KEY_CFBundleDisplayName = Forma;
				INFOPLIST_KEY_NSHealthShareUsageDescription = "Forma uses Apple Health workout data to show training consistency and progress insights.";
				INFOPLIST_KEY_UIApplicationSceneManifest_Generation = YES;
				INFOPLIST_KEY_UIApplicationSupportsIndirectInputEvents = YES;
				INFOPLIST_KEY_UILaunchScreen_Generation = YES;
				INFOPLIST_KEY_UISupportedInterfaceOrientations_iPad = "UIInterfaceOrientationPortrait UIInterfaceOrientationPortraitUpsideDown UIInterfaceOrientationLandscapeLeft UIInterfaceOrientationLandscapeRight";
				INFOPLIST_KEY_UISupportedInterfaceOrientations_iPhone = "UIInterfaceOrientationPortrait UIInterfaceOrientationLandscapeLeft UIInterfaceOrientationLandscapeRight";
				LD_RUNPATH_SEARCH_PATHS = (
					"$(inherited)",
					"@executable_path/Frameworks",
				);
				MARKETING_VERSION = 1.0;
				OTHER_LDFLAGS = "-ObjC";
				PRODUCT_BUNDLE_IDENTIFIER = com.isaacchua.forma;
				PRODUCT_NAME = "$(TARGET_NAME)";
				STRING_CATALOG_GENERATE_SYMBOLS = YES;
				SWIFT_APPROACHABLE_CONCURRENCY = YES;
				SWIFT_DEFAULT_ACTOR_ISOLATION = MainActor;
				SWIFT_EMIT_LOC_STRINGS = YES;
				SWIFT_UPCOMING_FEATURE_MEMBER_IMPORT_VISIBILITY = YES;
				SWIFT_VERSION = 5.0;
				TARGETED_DEVICE_FAMILY = "1,2";
			};
			name = Debug;
		};
		2B89F4052FECF33B00F9B990 /* Release */ = {
			isa = XCBuildConfiguration;
			buildSettings = {
				ASSETCATALOG_COMPILER_APPICON_NAME = AppIcon;
				ASSETCATALOG_COMPILER_GLOBAL_ACCENT_COLOR_NAME = AccentColor;
				CODE_SIGN_ENTITLEMENTS = "Fitness Coach/Fitness Coach.entitlements";
				CODE_SIGN_STYLE = Automatic;
				CURRENT_PROJECT_VERSION = 1;
				DEVELOPMENT_TEAM = X3D9AZPJUA;
				ENABLE_PREVIEWS = YES;
				GENERATE_INFOPLIST_FILE = YES;
				INFOPLIST_FILE = AppURLSchemes.plist;
				INFOPLIST_KEY_CFBundleDisplayName = Forma;
				INFOPLIST_KEY_NSHealthShareUsageDescription = "Forma uses Apple Health workout data to show training consistency and progress insights.";
				INFOPLIST_KEY_UIApplicationSceneManifest_Generation = YES;
				INFOPLIST_KEY_UIApplicationSupportsIndirectInputEvents = YES;
				INFOPLIST_KEY_UILaunchScreen_Generation = YES;
				INFOPLIST_KEY_UISupportedInterfaceOrientations_iPad = "UIInterfaceOrientationPortrait UIInterfaceOrientationPortraitUpsideDown UIInterfaceOrientationLandscapeLeft UIInterfaceOrientationLandscapeRight";
				INFOPLIST_KEY_UISupportedInterfaceOrientations_iPhone = "UIInterfaceOrientationPortrait UIInterfaceOrientationLandscapeLeft UIInterfaceOrientationLandscapeRight";
				LD_RUNPATH_SEARCH_PATHS = (
					"$(inherited)",
					"@executable_path/Frameworks",
				);
				MARKETING_VERSION = 1.0;
				OTHER_LDFLAGS = "-ObjC";
				PRODUCT_BUNDLE_IDENTIFIER = com.isaacchua.forma;
				PRODUCT_NAME = "$(TARGET_NAME)";
				STRING_CATALOG_GENERATE_SYMBOLS = YES;
				SWIFT_APPROACHABLE_CONCURRENCY = YES;
				SWIFT_DEFAULT_ACTOR_ISOLATION = MainActor;
				SWIFT_EMIT_LOC_STRINGS = YES;
				SWIFT_UPCOMING_FEATURE_MEMBER_IMPORT_VISIBILITY = YES;
				SWIFT_VERSION = 5.0;
				TARGETED_DEVICE_FAMILY = "1,2";
			};
			name = Release;
		};
		3A00000A2FEE000100000001 /* Debug */ = {
			isa = XCBuildConfiguration;
			buildSettings = {
				CODE_SIGN_STYLE = Automatic;
				CURRENT_PROJECT_VERSION = 1;
				DEVELOPMENT_TEAM = C3PWC866NM;
				GENERATE_INFOPLIST_FILE = YES;
				IPHONEOS_DEPLOYMENT_TARGET = 26.0;
				LD_RUNPATH_SEARCH_PATHS = (
					"$(inherited)",
					"@executable_path/Frameworks",
					"@loader_path/Frameworks",
					"\"$(BUILT_PRODUCTS_DIR)/Fitness Coach.app\"",
				);
				MARKETING_VERSION = 1.0;
				OTHER_LDFLAGS = "\"$(BUILT_PRODUCTS_DIR)/Fitness Coach.app/Fitness Coach.debug.dylib\"";
				PRODUCT_BUNDLE_IDENTIFIER = "TutorTrack.Fitness-CoachTests";
				PRODUCT_NAME = "$(TARGET_NAME)";
				SWIFT_VERSION = 5.0;
				TARGETED_DEVICE_FAMILY = "1,2";
			};
			name = Debug;
		};
		3A00000B2FEE000100000001 /* Release */ = {
			isa = XCBuildConfiguration;
			buildSettings = {
				CODE_SIGN_STYLE = Automatic;
				CURRENT_PROJECT_VERSION = 1;
				DEVELOPMENT_TEAM = C3PWC866NM;
				GENERATE_INFOPLIST_FILE = YES;
				IPHONEOS_DEPLOYMENT_TARGET = 26.0;
				LD_RUNPATH_SEARCH_PATHS = (
					"$(inherited)",
					"@executable_path/Frameworks",
					"@loader_path/Frameworks",
					"\"$(BUILT_PRODUCTS_DIR)/Fitness Coach.app\"",
				);
				MARKETING_VERSION = 1.0;
				OTHER_LDFLAGS = "\"$(BUILT_PRODUCTS_DIR)/Fitness Coach.app/Fitness Coach.debug.dylib\"";
				PRODUCT_BUNDLE_IDENTIFIER = "TutorTrack.Fitness-CoachTests";
				PRODUCT_NAME = "$(TARGET_NAME)";
				SWIFT_VERSION = 5.0;
				TARGETED_DEVICE_FAMILY = "1,2";
			};
			name = Release;
		};
/* End XCBuildConfiguration section */

/* Begin XCConfigurationList section */
		2B89F3F32FECF33300F9B990 /* Build configuration list for PBXProject "Fitness Coach" */ = {
			isa = XCConfigurationList;
			buildConfigurations = (
				2B89F4012FECF33B00F9B990 /* Debug */,
				2B89F4022FECF33B00F9B990 /* Release */,
			);
			defaultConfigurationIsVisible = 0;
			defaultConfigurationName = Release;
		};
		2B89F4032FECF33B00F9B990 /* Build configuration list for PBXNativeTarget "Fitness Coach" */ = {
			isa = XCConfigurationList;
			buildConfigurations = (
				2B89F4042FECF33B00F9B990 /* Debug */,
				2B89F4052FECF33B00F9B990 /* Release */,
			);
			defaultConfigurationIsVisible = 0;
			defaultConfigurationName = Release;
		};
		3A0000092FEE000100000001 /* Build configuration list for PBXNativeTarget "Fitness CoachTests" */ = {
			isa = XCConfigurationList;
			buildConfigurations = (
				3A00000A2FEE000100000001 /* Debug */,
				3A00000B2FEE000100000001 /* Release */,
			);
			defaultConfigurationIsVisible = 0;
			defaultConfigurationName = Release;
		};
/* End XCConfigurationList section */

/* Begin XCRemoteSwiftPackageReference section */
		20FB786BAFCA63B76D979247 /* XCRemoteSwiftPackageReference "GoogleSignIn-iOS" */ = {
			isa = XCRemoteSwiftPackageReference;
			repositoryURL = "https://github.com/google/GoogleSignIn-iOS";
			requirement = {
				kind = upToNextMajorVersion;
				minimumVersion = 9.2.0;
			};
		};
		2B045F112FEE414C008A8666 /* XCRemoteSwiftPackageReference "firebase-ios-sdk" */ = {
			isa = XCRemoteSwiftPackageReference;
			repositoryURL = "https://github.com/firebase/firebase-ios-sdk.git";
			requirement = {
				kind = upToNextMajorVersion;
				minimumVersion = 12.15.0;
			};
		};
		7346DDDF76BAC004994C5C7C /* XCRemoteSwiftPackageReference "SwiftHorizontalRuler" */ = {
			isa = XCRemoteSwiftPackageReference;
			repositoryURL = "https://github.com/unibrix/SwiftHorizontalRuler";
			requirement = {
				kind = upToNextMajorVersion;
				minimumVersion = 1.0.0;
			};
		};
/* End XCRemoteSwiftPackageReference section */

/* Begin XCSwiftPackageProductDependency section */
		2B045F122FEE414C008A8666 /* FirebaseAnalytics */ = {
			isa = XCSwiftPackageProductDependency;
			package = 2B045F112FEE414C008A8666 /* XCRemoteSwiftPackageReference "firebase-ios-sdk" */;
			productName = FirebaseAnalytics;
		};
		2B045F142FEE414C008A8666 /* FirebaseAuth */ = {
			isa = XCSwiftPackageProductDependency;
			package = 2B045F112FEE414C008A8666 /* XCRemoteSwiftPackageReference "firebase-ios-sdk" */;
			productName = FirebaseAuth;
		};
		2B045F162FEE414C008A8666 /* FirebaseCore */ = {
			isa = XCSwiftPackageProductDependency;
			package = 2B045F112FEE414C008A8666 /* XCRemoteSwiftPackageReference "firebase-ios-sdk" */;
			productName = FirebaseCore;
		};
		2B045F182FEE414C008A8666 /* FirebaseFirestore */ = {
			isa = XCSwiftPackageProductDependency;
			package = 2B045F112FEE414C008A8666 /* XCRemoteSwiftPackageReference "firebase-ios-sdk" */;
			productName = FirebaseFirestore;
		};
		2B045F1A2FEE414C008A8666 /* FirebaseFunctions */ = {
			isa = XCSwiftPackageProductDependency;
			package = 2B045F112FEE414C008A8666 /* XCRemoteSwiftPackageReference "firebase-ios-sdk" */;
			productName = FirebaseFunctions;
		};
		5BA7C20FB689E2E375B3EEDD /* SwiftHorizontalRuler */ = {
			isa = XCSwiftPackageProductDependency;
			package = 7346DDDF76BAC004994C5C7C /* XCRemoteSwiftPackageReference "SwiftHorizontalRuler" */;
			productName = SwiftHorizontalRuler;
		};
		C029C846955106DBDB3889A0 /* GoogleSignIn */ = {
			isa = XCSwiftPackageProductDependency;
			package = 20FB786BAFCA63B76D979247 /* XCRemoteSwiftPackageReference "GoogleSignIn-iOS" */;
			productName = GoogleSignIn;
		};
/* End XCSwiftPackageProductDependency section */
	};
	rootObject = 2B89F3F02FECF33300F9B990 /* Project object */;
}
